
Microsoft Visual Studio Solution File, Format Version 12.00
# Visual Studio Version 17
VisualStudioVersion = 17.11.35312.102
MinimumVisualStudioVersion = 10.0.40219.1
Project("{FAE04EC0-301F-11D3-BF4B-00C04F79EFBC}") = "DB2StructGenerator", "DB2StructGenerator.csproj", "{53002FBE-1E4E-4065-884A-42ABC802087B}"
	ProjectSection(ProjectDependencies) = postProject
		{CF665FC9-5F81-4278-8E5D-D178A74CC689} = {CF665FC9-5F81-4278-8E5D-D178A74CC689}
	EndProjectSection
EndProject
Project("{9A19103F-16F7-4668-BE54-9A1E7A4F7556}") = "DBDefsLib", "DBDefsLib\DBDefsLib.csproj", "{CF665FC9-5F81-4278-8E5D-D178A74CC689}"
EndProject
Global
	GlobalSection(SolutionConfigurationPlatforms) = preSolution
		Debug|Any CPU = Debug|Any CPU
		Release|Any CPU = Release|Any CPU
	EndGlobalSection
	GlobalSection(ProjectConfigurationPlatforms) = postSolution
		{53002FBE-1E4E-4065-884A-42ABC802087B}.Debug|Any CPU.ActiveCfg = Debug|Any CPU
		{53002FBE-1E4E-4065-884A-42ABC802087B}.Debug|Any CPU.Build.0 = Debug|Any CPU
		{53002FBE-1E4E-4065-884A-42ABC802087B}.Release|Any CPU.ActiveCfg = Release|Any CPU
		{53002FBE-1E4E-4065-884A-42ABC802087B}.Release|Any CPU.Build.0 = Release|Any CPU
		{CF665FC9-5F81-4278-8E5D-D178A74CC689}.Debug|Any CPU.ActiveCfg = Debug|Any CPU
		{CF665FC9-5F81-4278-8E5D-D178A74CC689}.Debug|Any CPU.Build.0 = Debug|Any CPU
		{CF665FC9-5F81-4278-8E5D-D178A74CC689}.Release|Any CPU.ActiveCfg = Release|Any CPU
		{CF665FC9-5F81-4278-8E5D-D178A74CC689}.Release|Any CPU.Build.0 = Release|Any CPU
	EndGlobalSection
	GlobalSection(SolutionProperties) = preSolution
		HideSolutionNode = FALSE
	EndGlobalSection
	GlobalSection(ExtensibilityGlobals) = postSolution
		SolutionGuid = {7FC7E971-2F98-4679-BA7F-739F63E03BF1}
	EndGlobalSection
EndGlobal
